
Microsoft Visual Studio Solution File, Format Version 12.00
# Visual Studio Version 17
VisualStudioVersion = 17.3.32922.545
MinimumVisualStudioVersion = 10.0.40219.1
Project("{8BC9CEB8-8B4A-11D0-8D11-00A0C91BC942}") = "Lab1", "Lab1\Lab1.vcxproj", "{37248791-B35B-42D2-A863-B30C098E9593}"
EndProject
Project("{8BC9CEB8-8B4A-11D0-8D11-00A0C91BC942}") = "Lab2", "Lab2\Lab2.vcxproj", "{9A539413-D1CB-4BA9-A9BC-1CEA79305C5F}"
EndProject
Project("{8BC9CEB8-8B4A-11D0-8D11-00A0C91BC942}") = "Lab3", "Lab3\Lab3.vcxproj", "{8F2024E2-8D6B-4280-A7F8-389792B609CB}"
EndProject
Project("{8BC9CEB8-8B4A-11D0-8D11-00A0C91BC942}") = "Lab4", "Lab4\Lab4.vcxproj", "{5BA7F38B-6955-4F58-8C45-58D0CC2F6951}"
EndProject
Global
	GlobalSection(SolutionConfigurationPlatforms) = preSolution
		Debug|x64 = Debug|x64
		Debug|x86 = Debug|x86
		Release|x64 = Release|x64
		Release|x86 = Release|x86
	EndGlobalSection
	GlobalSection(ProjectConfigurationPlatforms) = postSolution
		{37248791-B35B-42D2-A863-B30C098E9593}.Debug|x64.ActiveCfg = Debug|x64
		{37248791-B35B-42D2-A863-B30C098E9593}.Debug|x64.Build.0 = Debug|x64
		{37248791-B35B-42D2-A863-B30C098E9593}.Debug|x86.ActiveCfg = Debug|Win32
		{37248791-B35B-42D2-A863-B30C098E9593}.Debug|x86.Build.0 = Debug|Win32
		{37248791-B35B-42D2-A863-B30C098E9593}.Release|x64.ActiveCfg = Release|x64
		{37248791-B35B-42D2-A863-B30C098E9593}.Release|x64.Build.0 = Release|x64
		{37248791-B35B-42D2-A863-B30C098E9593}.Release|x86.ActiveCfg = Release|Win32
		{37248791-B35B-42D2-A863-B30C098E9593}.Release|x86.Build.0 = Release|Win32
		{9A539413-D1CB-4BA9-A9BC-1CEA79305C5F}.Debug|x64.ActiveCfg = Debug|x64
		{9A539413-D1CB-4BA9-A9BC-1CEA79305C5F}.Debug|x64.Build.0 = Debug|x64
		{9A539413-D1CB-4BA9-A9BC-1CEA79305C5F}.Debug|x86.ActiveCfg = Debug|Win32
		{9A539413-D1CB-4BA9-A9BC-1CEA79305C5F}.Debug|x86.Build.0 = Debug|Win32
		{9A539413-D1CB-4BA9-A9BC-1CEA79305C5F}.Release|x64.ActiveCfg = Release|x64
		{9A539413-D1CB-4BA9-A9BC-1CEA79305C5F}.Release|x64.Build.0 = Release|x64
		{9A539413-D1CB-4BA9-A9BC-1CEA79305C5F}.Release|x86.ActiveCfg = Release|Win32
		{9A539413-D1CB-4BA9-A9BC-1CEA79305C5F}.Release|x86.Build.0 = Release|Win32
		{8F2024E2-8D6B-4280-A7F8-389792B609CB}.Debug|x64.ActiveCfg = Debug|x64
		{8F2024E2-8D6B-4280-A7F8-389792B609CB}.Debug|x64.Build.0 = Debug|x64
		{8F2024E2-8D6B-4280-A7F8-389792B609CB}.Debug|x86.ActiveCfg = Debug|Win32
		{8F2024E2-8D6B-4280-A7F8-389792B609CB}.Debug|x86.Build.0 = Debug|Win32
		{8F2024E2-8D6B-4280-A7F8-389792B609CB}.Release|x64.ActiveCfg = Release|x64
		{8F2024E2-8D6B-4280-A7F8-389792B609CB}.Release|x64.Build.0 = Release|x64
		{8F2024E2-8D6B-4280-A7F8-389792B609CB}.Release|x86.ActiveCfg = Release|Win32
		{8F2024E2-8D6B-4280-A7F8-389792B609CB}.Release|x86.Build.0 = Release|Win32
		{5BA7F38B-6955-4F58-8C45-58D0CC2F6951}.Debug|x64.ActiveCfg = Debug|x64
		{5BA7F38B-6955-4F58-8C45-58D0CC2F6951}.Debug|x64.Build.0 = Debug|x64
		{5BA7F38B-6955-4F58-8C45-58D0CC2F6951}.Debug|x86.ActiveCfg = Debug|Win32
		{5BA7F38B-6955-4F58-8C45-58D0CC2F6951}.Debug|x86.Build.0 = Debug|Win32
		{5BA7F38B-6955-4F58-8C45-58D0CC2F6951}.Release|x64.ActiveCfg = Release|x64
		{5BA7F38B-6955-4F58-8C45-58D0CC2F6951}.Release|x64.Build.0 = Release|x64
		{5BA7F38B-6955-4F58-8C45-58D0CC2F6951}.Release|x86.ActiveCfg = Release|Win32
		{5BA7F38B-6955-4F58-8C45-58D0CC2F6951}.Release|x86.Build.0 = Release|Win32
	EndGlobalSection
	GlobalSection(SolutionProperties) = preSolution
		HideSolutionNode = FALSE
	EndGlobalSection
	GlobalSection(ExtensibilityGlobals) = postSolution
		SolutionGuid = {204D7AC5-E74D-4158-AB38-CC22E6203E88}
	EndGlobalSection
EndGlobal
