<?xml version="1.0" encoding="utf-8"?>
<Project ToolsVersion="4.0" xmlns="http://schemas.microsoft.com/developer/msbuild/2003">
  <ItemGroup>
    <Filter Include="源文件">
      <UniqueIdentifier>{4FC737F1-C7A5-4376-A066-2A32D752A2FF}</UniqueIdentifier>
      <Extensions>cpp;c;cc;cxx;c++;cppm;ixx;def;odl;idl;hpj;bat;asm;asmx</Extensions>
    </Filter>
    <Filter Include="头文件">
      <UniqueIdentifier>{93995380-89BD-4b04-88EB-625FBE52EBFB}</UniqueIdentifier>
      <Extensions>h;hh;hpp;hxx;h++;hm;inl;inc;ipp;xsd</Extensions>
    </Filter>
    <Filter Include="资源文件">
      <UniqueIdentifier>{67DA6AB6-F800-4c08-8B7A-83BB121AAD01}</UniqueIdentifier>
      <Extensions>rc;ico;cur;bmp;dlg;rc2;rct;bin;rgs;gif;jpg;jpeg;jpe;resx;tiff;tif;png;wav;mfcribbon-ms</Extensions>
    </Filter>
    <Filter Include="资源文件\input">
      <UniqueIdentifier>{74524a8e-5591-4a3b-a142-7ca3e14a5615}</UniqueIdentifier>
    </Filter>
    <Filter Include="资源文件\output">
      <UniqueIdentifier>{ffa925a0-d0c0-4d9e-8a23-b1dbbd6a718c}</UniqueIdentifier>
    </Filter>
  </ItemGroup>
  <ItemGroup>
    <ClCompile Include="Lab4.cpp">
      <Filter>源文件</Filter>
    </ClCompile>
    <ClCompile Include="graph.cpp">
      <Filter>源文件</Filter>
    </ClCompile>
    <ClCompile Include="Johnson.cpp">
      <Filter>源文件</Filter>
    </ClCompile>
    <ClCompile Include="test.cpp">
      <Filter>源文件</Filter>
    </ClCompile>
    <ClCompile Include="utils.cpp">
      <Filter>源文件</Filter>
    </ClCompile>
  </ItemGroup>
  <ItemGroup>
    <ClInclude Include="fib_heap.hpp">
      <Filter>头文件</Filter>
    </ClInclude>
    <ClInclude Include="graph.hpp">
      <Filter>头文件</Filter>
    </ClInclude>
    <ClInclude Include="Johnson.hpp">
      <Filter>头文件</Filter>
    </ClInclude>
    <ClInclude Include="test.hpp">
      <Filter>头文件</Filter>
    </ClInclude>
    <ClInclude Include="utils.hpp">
      <Filter>头文件</Filter>
    </ClInclude>
  </ItemGroup>
  <ItemGroup>
    <Text Include="input\input11.txt">
      <Filter>资源文件\input</Filter>
    </Text>
    <Text Include="input\input12.txt">
      <Filter>资源文件\input</Filter>
    </Text>
    <Text Include="input\input21.txt">
      <Filter>资源文件\input</Filter>
    </Text>
    <Text Include="input\input22.txt">
      <Filter>资源文件\input</Filter>
    </Text>
    <Text Include="input\input31.txt">
      <Filter>资源文件\input</Filter>
    </Text>
    <Text Include="input\input32.txt">
      <Filter>资源文件\input</Filter>
    </Text>
    <Text Include="input\input41.txt">
      <Filter>资源文件\input</Filter>
    </Text>
    <Text Include="input\input42.txt">
      <Filter>资源文件\input</Filter>
    </Text>
    <Text Include="output\result11.txt">
      <Filter>资源文件\output</Filter>
    </Text>
    <Text Include="output\result12.txt">
      <Filter>资源文件\output</Filter>
    </Text>
    <Text Include="output\result21.txt">
      <Filter>资源文件\output</Filter>
    </Text>
    <Text Include="output\result22.txt">
      <Filter>资源文件\output</Filter>
    </Text>
    <Text Include="output\result31.txt">
      <Filter>资源文件\output</Filter>
    </Text>
    <Text Include="output\result32.txt">
      <Filter>资源文件\output</Filter>
    </Text>
    <Text Include="output\result41.txt">
      <Filter>资源文件\output</Filter>
    </Text>
    <Text Include="output\result42.txt">
      <Filter>资源文件\output</Filter>
    </Text>
    <Text Include="output\time.txt">
      <Filter>资源文件\output</Filter>
    </Text>
  </ItemGroup>
</Project>